
Microsoft Visual Studio Solution File, Format Version 12.00
# Visual Studio Version 16
VisualStudioVersion = 16.0.33927.289
MinimumVisualStudioVersion = 10.0.40219.1
Project("{2150E333-8FDC-42A3-9474-1A3956D46DE8}") = "Task0", "Task0", "{CFB63BCC-2591-4CF6-B720-80AFD118549B}"
EndProject
Project("{FAE04EC0-301F-11D3-BF4B-00C04F79EFBC}") = "Tyuiu.LomakinVI.Sprint0.Task0.V0", "Tyuiu.LomakinVI.Sprint0.Task0.V0\Tyuiu.LomakinVI.Sprint0.Task0.V0.csproj", "{0BFBF057-BE00-4508-B803-E7584730C1CB}"
EndProject
Project("{2150E333-8FDC-42A3-9474-1A3956D46DE8}") = "Task1", "Task1", "{C70DA97E-9309-4890-B42B-32CE5037E179}"
EndProject
Project("{FAE04EC0-301F-11D3-BF4B-00C04F79EFBC}") = "Tyuiu.LomakinVI.Sprint0.Task1.V0", "Tyuiu.LomakinVI.Sprint0.Task1.V0\Tyuiu.LomakinVI.Sprint0.Task1.V0.csproj", "{8D9E6F10-4E4A-44ED-8C00-57F3C9C767EA}"
EndProject
Project("{2150E333-8FDC-42A3-9474-1A3956D46DE8}") = "Task2", "Task2", "{92163CFE-91ED-4A4E-A100-F3F57102E071}"
EndProject
Project("{FAE04EC0-301F-11D3-BF4B-00C04F79EFBC}") = "Tyuiu.LomakinVI.Sprint0.Task2.V0", "Tyuiu.LomakinVI.Sprint0.Task2.V0\Tyuiu.LomakinVI.Sprint0.Task2.V0.csproj", "{3C049C87-3BF2-4810-A8A1-1F4F151A0862}"
EndProject
Project("{FAE04EC0-301F-11D3-BF4B-00C04F79EFBC}") = "Tyuiu.LomakinVI.Sprint0.Task2.V0.Lib", "Tyuiu.LomakinVI.Sprint0.Task2.V0.Lib\Tyuiu.LomakinVI.Sprint0.Task2.V0.Lib.csproj", "{0F1A0824-E79A-4DE3-B1ED-910595B5B3DB}"
EndProject
Project("{FAE04EC0-301F-11D3-BF4B-00C04F79EFBC}") = "Tyuiu.LomakinVI.Sprint0.Task2.V0.Test", "Tyuiu.LomakinVI.Sprint0.Task2.V0.Test\Tyuiu.LomakinVI.Sprint0.Task2.V0.Test.csproj", "{39268CE3-821A-4B5A-8E5E-96604E327652}"
EndProject
Project("{2150E333-8FDC-42A3-9474-1A3956D46DE8}") = "Task3", "Task3", "{38F9F8B8-9D92-4670-83A5-257036AF72F0}"
EndProject
Project("{FAE04EC0-301F-11D3-BF4B-00C04F79EFBC}") = "Tyuiu.LomakinVI.Sprint0.Task3.V0", "Tyuiu.LomakinVI.Sprint0.Task3.V0\Tyuiu.LomakinVI.Sprint0.Task3.V0.csproj", "{D9378FEA-6170-4542-BC61-5D26B59AE358}"
EndProject
Project("{FAE04EC0-301F-11D3-BF4B-00C04F79EFBC}") = "Tyuiu.LomakinVI.Sprint0.Task3.V0.Lib", "Tyuiu.LomakinVI.Sprint0.Task3.V0.Lib\Tyuiu.LomakinVI.Sprint0.Task3.V0.Lib.csproj", "{F8051827-DEA8-4E26-A505-08CF0EC1A234}"
EndProject
Project("{FAE04EC0-301F-11D3-BF4B-00C04F79EFBC}") = "Tyuiu.LomakinVI.Sprint0.Task3.V0.Test", "Tyuiu.LomakinVI.Sprint0.Task3.V0.Test\Tyuiu.LomakinVI.Sprint0.Task3.V0.Test.csproj", "{57C76ADC-67F1-4DB3-92E3-B5C15547E771}"
EndProject
Global
	GlobalSection(SolutionConfigurationPlatforms) = preSolution
		Debug|Any CPU = Debug|Any CPU
		Release|Any CPU = Release|Any CPU
	EndGlobalSection
	GlobalSection(ProjectConfigurationPlatforms) = postSolution
		{0BFBF057-BE00-4508-B803-E7584730C1CB}.Debug|Any CPU.ActiveCfg = Debug|Any CPU
		{0BFBF057-BE00-4508-B803-E7584730C1CB}.Debug|Any CPU.Build.0 = Debug|Any CPU
		{0BFBF057-BE00-4508-B803-E7584730C1CB}.Release|Any CPU.ActiveCfg = Release|Any CPU
		{0BFBF057-BE00-4508-B803-E7584730C1CB}.Release|Any CPU.Build.0 = Release|Any CPU
		{8D9E6F10-4E4A-44ED-8C00-57F3C9C767EA}.Debug|Any CPU.ActiveCfg = Debug|Any CPU
		{8D9E6F10-4E4A-44ED-8C00-57F3C9C767EA}.Debug|Any CPU.Build.0 = Debug|Any CPU
		{8D9E6F10-4E4A-44ED-8C00-57F3C9C767EA}.Release|Any CPU.ActiveCfg = Release|Any CPU
		{8D9E6F10-4E4A-44ED-8C00-57F3C9C767EA}.Release|Any CPU.Build.0 = Release|Any CPU
		{3C049C87-3BF2-4810-A8A1-1F4F151A0862}.Debug|Any CPU.ActiveCfg = Debug|Any CPU
		{3C049C87-3BF2-4810-A8A1-1F4F151A0862}.Debug|Any CPU.Build.0 = Debug|Any CPU
		{3C049C87-3BF2-4810-A8A1-1F4F151A0862}.Release|Any CPU.ActiveCfg = Release|Any CPU
		{3C049C87-3BF2-4810-A8A1-1F4F151A0862}.Release|Any CPU.Build.0 = Release|Any CPU
		{0F1A0824-E79A-4DE3-B1ED-910595B5B3DB}.Debug|Any CPU.ActiveCfg = Debug|Any CPU
		{0F1A0824-E79A-4DE3-B1ED-910595B5B3DB}.Debug|Any CPU.Build.0 = Debug|Any CPU
		{0F1A0824-E79A-4DE3-B1ED-910595B5B3DB}.Release|Any CPU.ActiveCfg = Release|Any CPU
		{0F1A0824-E79A-4DE3-B1ED-910595B5B3DB}.Release|Any CPU.Build.0 = Release|Any CPU
		{39268CE3-821A-4B5A-8E5E-96604E327652}.Debug|Any CPU.ActiveCfg = Debug|Any CPU
		{39268CE3-821A-4B5A-8E5E-96604E327652}.Debug|Any CPU.Build.0 = Debug|Any CPU
		{39268CE3-821A-4B5A-8E5E-96604E327652}.Release|Any CPU.ActiveCfg = Release|Any CPU
		{39268CE3-821A-4B5A-8E5E-96604E327652}.Release|Any CPU.Build.0 = Release|Any CPU
		{D9378FEA-6170-4542-BC61-5D26B59AE358}.Debug|Any CPU.ActiveCfg = Debug|Any CPU
		{D9378FEA-6170-4542-BC61-5D26B59AE358}.Debug|Any CPU.Build.0 = Debug|Any CPU
		{D9378FEA-6170-4542-BC61-5D26B59AE358}.Release|Any CPU.ActiveCfg = Release|Any CPU
		{D9378FEA-6170-4542-BC61-5D26B59AE358}.Release|Any CPU.Build.0 = Release|Any CPU
		{F8051827-DEA8-4E26-A505-08CF0EC1A234}.Debug|Any CPU.ActiveCfg = Debug|Any CPU
		{F8051827-DEA8-4E26-A505-08CF0EC1A234}.Debug|Any CPU.Build.0 = Debug|Any CPU
		{F8051827-DEA8-4E26-A505-08CF0EC1A234}.Release|Any CPU.ActiveCfg = Release|Any CPU
		{F8051827-DEA8-4E26-A505-08CF0EC1A234}.Release|Any CPU.Build.0 = Release|Any CPU
		{57C76ADC-67F1-4DB3-92E3-B5C15547E771}.Debug|Any CPU.ActiveCfg = Debug|Any CPU
		{57C76ADC-67F1-4DB3-92E3-B5C15547E771}.Debug|Any CPU.Build.0 = Debug|Any CPU
		{57C76ADC-67F1-4DB3-92E3-B5C15547E771}.Release|Any CPU.ActiveCfg = Release|Any CPU
		{57C76ADC-67F1-4DB3-92E3-B5C15547E771}.Release|Any CPU.Build.0 = Release|Any CPU
	EndGlobalSection
	GlobalSection(SolutionProperties) = preSolution
		HideSolutionNode = FALSE
	EndGlobalSection
	GlobalSection(NestedProjects) = preSolution
		{0BFBF057-BE00-4508-B803-E7584730C1CB} = {CFB63BCC-2591-4CF6-B720-80AFD118549B}
		{8D9E6F10-4E4A-44ED-8C00-57F3C9C767EA} = {C70DA97E-9309-4890-B42B-32CE5037E179}
		{3C049C87-3BF2-4810-A8A1-1F4F151A0862} = {92163CFE-91ED-4A4E-A100-F3F57102E071}
		{0F1A0824-E79A-4DE3-B1ED-910595B5B3DB} = {92163CFE-91ED-4A4E-A100-F3F57102E071}
		{39268CE3-821A-4B5A-8E5E-96604E327652} = {92163CFE-91ED-4A4E-A100-F3F57102E071}
		{D9378FEA-6170-4542-BC61-5D26B59AE358} = {38F9F8B8-9D92-4670-83A5-257036AF72F0}
		{F8051827-DEA8-4E26-A505-08CF0EC1A234} = {38F9F8B8-9D92-4670-83A5-257036AF72F0}
		{57C76ADC-67F1-4DB3-92E3-B5C15547E771} = {38F9F8B8-9D92-4670-83A5-257036AF72F0}
	EndGlobalSection
	GlobalSection(ExtensibilityGlobals) = postSolution
		SolutionGuid = {23A470A2-04A2-4273-BE7D-E2F92343A8A1}
	EndGlobalSection
EndGlobal
