
Microsoft Visual Studio Solution File, Format Version 12.00
# Visual Studio Version 16
VisualStudioVersion = 16.0.33927.289
MinimumVisualStudioVersion = 10.0.40219.1
Project("{2150E333-8FDC-42A3-9474-1A3956D46DE8}") = "Task0", "Task0", "{CFB63BCC-2591-4CF6-B720-80AFD118549B}"
EndProject
Project("{FAE04EC0-301F-11D3-BF4B-00C04F79EFBC}") = "Tyuiu.LomakinVI.Sprint0.Task0.V0", "Tyuiu.LomakinVI.Sprint0.Task0.V0\Tyuiu.LomakinVI.Sprint0.Task0.V0.csproj", "{0BFBF057-BE00-4508-B803-E7584730C1CB}"
EndProject
Project("{2150E333-8FDC-42A3-9474-1A3956D46DE8}") = "Task1", "Task1", "{C70DA97E-9309-4890-B42B-32CE5037E179}"
EndProject
Project("{FAE04EC0-301F-11D3-BF4B-00C04F79EFBC}") = "Tyuiu.LomakinVI.Sprint0.Task1.V0", "Tyuiu.LomakinVI.Sprint0.Task1.V0\Tyuiu.LomakinVI.Sprint0.Task1.V0.csproj", "{8D9E6F10-4E4A-44ED-8C00-57F3C9C767EA}"
EndProject
Project("{2150E333-8FDC-42A3-9474-1A3956D46DE8}") = "Task2", "Task2", "{92163CFE-91ED-4A4E-A100-F3F57102E071}"
EndProject
Project("{FAE04EC0-301F-11D3-BF4B-00C04F79EFBC}") = "Tyuiu.LomakinVI.Sprint0.Task2.V0", "Tyuiu.LomakinVI.Sprint0.Task2.V0\Tyuiu.LomakinVI.Sprint0.Task2.V0.csproj", "{3C049C87-3BF2-4810-A8A1-1F4F151A0862}"
EndProject
Project("{FAE04EC0-301F-11D3-BF4B-00C04F79EFBC}") = "Tyuiu.LomakinVI.Sprint0.Task2.V0.Lib", "Tyuiu.LomakinVI.Sprint0.Task2.V0.Lib\Tyuiu.LomakinVI.Sprint0.Task2.V0.Lib.csproj", "{0F1A0824-E79A-4DE3-B1ED-910595B5B3DB}"
EndProject
Project("{FAE04EC0-301F-11D3-BF4B-00C04F79EFBC}") = "Tyuiu.LomakinVI.Sprint0.Task2.V0.Test", "Tyuiu.LomakinVI.Sprint0.Task2.V0.Test\Tyuiu.LomakinVI.Sprint0.Task2.V0.Test.csproj", "{39268CE3-821A-4B5A-8E5E-96604E327652}"
EndProject
Project("{2150E333-8FDC-42A3-9474-1A3956D46DE8}") = "Task3", "Task3", "{38F9F8B8-9D92-4670-83A5-257036AF72F0}"
EndProject
Project("{FAE04EC0-301F-11D3-BF4B-00C04F79EFBC}") = "Tyuiu.LomakinVI.Sprint0.Task3.V0", "Tyuiu.LomakinVI.Sprint0.Task3.V0\Tyuiu.LomakinVI.Sprint0.Task3.V0.csproj", "{D9378FEA-6170-4542-BC61-5D26B59AE358}"
EndProject
Project("{FAE04EC0-301F-11D3-BF4B-00C04F79EFBC}") = "Tyuiu.LomakinVI.Sprint0.Task3.V0.Lib", "Tyuiu.LomakinVI.Sprint0.Task3.V0.Lib\Tyuiu.LomakinVI.Sprint0.Task3.V0.Lib.csproj", "{F8051827-DEA8-4E26-A505-08CF0EC1A234}"
EndProject
Project("{FAE04EC0-301F-11D3-BF4B-00C04F79EFBC}") = "Tyuiu.LomakinVI.Sprint0.Task3.V0.Test", "Tyuiu.LomakinVI.Sprint0.Task3.V0.Test\Tyuiu.LomakinVI.Sprint0.Task3.V0.Test.csproj", "{57C76ADC-67F1-4DB3-92E3-B5C15547E771}"
EndProject
Project("{2150E333-8FDC-42A3-9474-1A3956D46DE8}") = "Task4", "Task4", "{C6948426-52F5-4B7D-9EF1-6C58B01F6082}"
EndProject
Project("{FAE04EC0-301F-11D3-BF4B-00C04F79EFBC}") = "Tyuiu.LomakinVI.Sprint0.Task4.V0", "Tyuiu.LomakinVI.Sprint0.Task4.V0\Tyuiu.LomakinVI.Sprint0.Task4.V0.csproj", "{2F72D243-734B-43D1-A28F-7AC99A81EA37}"
EndProject
Project("{FAE04EC0-301F-11D3-BF4B-00C04F79EFBC}") = "Tyuiu.LomakinVI.Sprint0.Task4.V0.Lib", "Tyuiu.LomakinVI.Sprint0.Task4.V0.Lib\Tyuiu.LomakinVI.Sprint0.Task4.V0.Lib.csproj", "{C2B88F2A-C71B-4AB8-A336-E5F8A19F6F40}"
EndProject
Project("{FAE04EC0-301F-11D3-BF4B-00C04F79EFBC}") = "Tyuiu.LomakinVI.Sprint0.Task4.V0.Test", "Tyuiu.LomakinVI.Sprint0.Task4.V0.Test\Tyuiu.LomakinVI.Sprint0.Task4.V0.Test.csproj", "{FD70ED80-8706-4A5C-9276-2A526497964D}"
EndProject
Project("{2150E333-8FDC-42A3-9474-1A3956D46DE8}") = "Task5", "Task5", "{9AD59010-8966-4B05-B144-7F71909026D3}"
EndProject
Project("{FAE04EC0-301F-11D3-BF4B-00C04F79EFBC}") = "Tyuiu.LomakinVI.Sprint0.Task5.V0", "Tyuiu.LomakinVI.Sprint0.Task5.V0\Tyuiu.LomakinVI.Sprint0.Task5.V0.csproj", "{4A229EBD-126B-488C-A299-5C98F1BABC54}"
EndProject
Project("{FAE04EC0-301F-11D3-BF4B-00C04F79EFBC}") = "Tyuiu.LomakinVI.Sprint0.Task5.V0.Lib", "Tyuiu.LomakinVI.Sprint0.Task5.V0.Lib\Tyuiu.LomakinVI.Sprint0.Task5.V0.Lib.csproj", "{1C08C92A-81A4-4F18-967C-C90BFC66F675}"
EndProject
Project("{FAE04EC0-301F-11D3-BF4B-00C04F79EFBC}") = "Tyuiu.LomakinVI.Sprint0.Task5.V0.Test", "Tyuiu.LomakinVI.Sprint0.Task5.V0.Test\Tyuiu.LomakinVI.Sprint0.Task5.V0.Test.csproj", "{45987AF3-4B17-4F9A-BC00-4CBF02276AF3}"
EndProject
Project("{2150E333-8FDC-42A3-9474-1A3956D46DE8}") = "Task6", "Task6", "{904226A1-EE9B-4854-B527-3EF79FB55FA7}"
EndProject
Project("{FAE04EC0-301F-11D3-BF4B-00C04F79EFBC}") = "Tyuiu.LomakinVI.Sprint0.Task6.V0", "Tyuiu.LomakinVI.Sprint0.Task6.V0\Tyuiu.LomakinVI.Sprint0.Task6.V0.csproj", "{D6010F59-E3A0-4FA2-A683-87CE1B5FA106}"
EndProject
Project("{FAE04EC0-301F-11D3-BF4B-00C04F79EFBC}") = "Tyuiu.LomakinVI.Sprint0.Task6.V0.Test", "Tyuiu.LomakinVI.Sprint0.Task6.V0.Test\Tyuiu.LomakinVI.Sprint0.Task6.V0.Test.csproj", "{575084A4-2A17-4037-994C-6D2296D011F7}"
EndProject
Project("{FAE04EC0-301F-11D3-BF4B-00C04F79EFBC}") = "Tyuiu.LomakinVI.Sprint0.Task6.V0.Lib", "Tyuiu.LomakinVI.Sprint0.Task6.V0.Lib\Tyuiu.LomakinVI.Sprint0.Task6.V0.Lib.csproj", "{6AA7ADF4-096A-407D-9CD0-3C72C663CB9C}"
EndProject
Project("{2150E333-8FDC-42A3-9474-1A3956D46DE8}") = "Task7", "Task7", "{90A08293-0222-4865-84F7-719BB42AB657}"
EndProject
Project("{FAE04EC0-301F-11D3-BF4B-00C04F79EFBC}") = "Tyuiu.LomakinVI.Sprint0.Task7.V0", "Tyuiu.LomakinVI.Sprint0.Task7.V0\Tyuiu.LomakinVI.Sprint0.Task7.V0.csproj", "{2F50248B-CB9C-44C7-B430-6D23C8FBBF12}"
EndProject
Project("{FAE04EC0-301F-11D3-BF4B-00C04F79EFBC}") = "Tyuiu.LomakinVI.Sprint0.Task7.V0.Lib", "Tyuiu.LomakinVI.Sprint0.Task7.V0.Lib\Tyuiu.LomakinVI.Sprint0.Task7.V0.Lib.csproj", "{6D86E28F-6E97-46C0-BD86-16F30B70BF85}"
EndProject
Project("{FAE04EC0-301F-11D3-BF4B-00C04F79EFBC}") = "Tyuiu.LomakinVI.Sprint0.Task7.V0.Test", "Tyuiu.LomakinVI.Sprint0.Task7.V0.Test\Tyuiu.LomakinVI.Sprint0.Task7.V0.Test.csproj", "{3677FF40-F775-4C00-BCCF-2E9DE3FF1E3F}"
EndProject
Global
	GlobalSection(SolutionConfigurationPlatforms) = preSolution
		Debug|Any CPU = Debug|Any CPU
		Release|Any CPU = Release|Any CPU
	EndGlobalSection
	GlobalSection(ProjectConfigurationPlatforms) = postSolution
		{0BFBF057-BE00-4508-B803-E7584730C1CB}.Debug|Any CPU.ActiveCfg = Debug|Any CPU
		{0BFBF057-BE00-4508-B803-E7584730C1CB}.Debug|Any CPU.Build.0 = Debug|Any CPU
		{0BFBF057-BE00-4508-B803-E7584730C1CB}.Release|Any CPU.ActiveCfg = Release|Any CPU
		{0BFBF057-BE00-4508-B803-E7584730C1CB}.Release|Any CPU.Build.0 = Release|Any CPU
		{8D9E6F10-4E4A-44ED-8C00-57F3C9C767EA}.Debug|Any CPU.ActiveCfg = Debug|Any CPU
		{8D9E6F10-4E4A-44ED-8C00-57F3C9C767EA}.Debug|Any CPU.Build.0 = Debug|Any CPU
		{8D9E6F10-4E4A-44ED-8C00-57F3C9C767EA}.Release|Any CPU.ActiveCfg = Release|Any CPU
		{8D9E6F10-4E4A-44ED-8C00-57F3C9C767EA}.Release|Any CPU.Build.0 = Release|Any CPU
		{3C049C87-3BF2-4810-A8A1-1F4F151A0862}.Debug|Any CPU.ActiveCfg = Debug|Any CPU
		{3C049C87-3BF2-4810-A8A1-1F4F151A0862}.Debug|Any CPU.Build.0 = Debug|Any CPU
		{3C049C87-3BF2-4810-A8A1-1F4F151A0862}.Release|Any CPU.ActiveCfg = Release|Any CPU
		{3C049C87-3BF2-4810-A8A1-1F4F151A0862}.Release|Any CPU.Build.0 = Release|Any CPU
		{0F1A0824-E79A-4DE3-B1ED-910595B5B3DB}.Debug|Any CPU.ActiveCfg = Debug|Any CPU
		{0F1A0824-E79A-4DE3-B1ED-910595B5B3DB}.Debug|Any CPU.Build.0 = Debug|Any CPU
		{0F1A0824-E79A-4DE3-B1ED-910595B5B3DB}.Release|Any CPU.ActiveCfg = Release|Any CPU
		{0F1A0824-E79A-4DE3-B1ED-910595B5B3DB}.Release|Any CPU.Build.0 = Release|Any CPU
		{39268CE3-821A-4B5A-8E5E-96604E327652}.Debug|Any CPU.ActiveCfg = Debug|Any CPU
		{39268CE3-821A-4B5A-8E5E-96604E327652}.Debug|Any CPU.Build.0 = Debug|Any CPU
		{39268CE3-821A-4B5A-8E5E-96604E327652}.Release|Any CPU.ActiveCfg = Release|Any CPU
		{39268CE3-821A-4B5A-8E5E-96604E327652}.Release|Any CPU.Build.0 = Release|Any CPU
		{D9378FEA-6170-4542-BC61-5D26B59AE358}.Debug|Any CPU.ActiveCfg = Debug|Any CPU
		{D9378FEA-6170-4542-BC61-5D26B59AE358}.Debug|Any CPU.Build.0 = Debug|Any CPU
		{D9378FEA-6170-4542-BC61-5D26B59AE358}.Release|Any CPU.ActiveCfg = Release|Any CPU
		{D9378FEA-6170-4542-BC61-5D26B59AE358}.Release|Any CPU.Build.0 = Release|Any CPU
		{F8051827-DEA8-4E26-A505-08CF0EC1A234}.Debug|Any CPU.ActiveCfg = Debug|Any CPU
		{F8051827-DEA8-4E26-A505-08CF0EC1A234}.Debug|Any CPU.Build.0 = Debug|Any CPU
		{F8051827-DEA8-4E26-A505-08CF0EC1A234}.Release|Any CPU.ActiveCfg = Release|Any CPU
		{F8051827-DEA8-4E26-A505-08CF0EC1A234}.Release|Any CPU.Build.0 = Release|Any CPU
		{57C76ADC-67F1-4DB3-92E3-B5C15547E771}.Debug|Any CPU.ActiveCfg = Debug|Any CPU
		{57C76ADC-67F1-4DB3-92E3-B5C15547E771}.Debug|Any CPU.Build.0 = Debug|Any CPU
		{57C76ADC-67F1-4DB3-92E3-B5C15547E771}.Release|Any CPU.ActiveCfg = Release|Any CPU
		{57C76ADC-67F1-4DB3-92E3-B5C15547E771}.Release|Any CPU.Build.0 = Release|Any CPU
		{2F72D243-734B-43D1-A28F-7AC99A81EA37}.Debug|Any CPU.ActiveCfg = Debug|Any CPU
		{2F72D243-734B-43D1-A28F-7AC99A81EA37}.Debug|Any CPU.Build.0 = Debug|Any CPU
		{2F72D243-734B-43D1-A28F-7AC99A81EA37}.Release|Any CPU.ActiveCfg = Release|Any CPU
		{2F72D243-734B-43D1-A28F-7AC99A81EA37}.Release|Any CPU.Build.0 = Release|Any CPU
		{C2B88F2A-C71B-4AB8-A336-E5F8A19F6F40}.Debug|Any CPU.ActiveCfg = Debug|Any CPU
		{C2B88F2A-C71B-4AB8-A336-E5F8A19F6F40}.Debug|Any CPU.Build.0 = Debug|Any CPU
		{C2B88F2A-C71B-4AB8-A336-E5F8A19F6F40}.Release|Any CPU.ActiveCfg = Release|Any CPU
		{C2B88F2A-C71B-4AB8-A336-E5F8A19F6F40}.Release|Any CPU.Build.0 = Release|Any CPU
		{FD70ED80-8706-4A5C-9276-2A526497964D}.Debug|Any CPU.ActiveCfg = Debug|Any CPU
		{FD70ED80-8706-4A5C-9276-2A526497964D}.Debug|Any CPU.Build.0 = Debug|Any CPU
		{FD70ED80-8706-4A5C-9276-2A526497964D}.Release|Any CPU.ActiveCfg = Release|Any CPU
		{FD70ED80-8706-4A5C-9276-2A526497964D}.Release|Any CPU.Build.0 = Release|Any CPU
		{4A229EBD-126B-488C-A299-5C98F1BABC54}.Debug|Any CPU.ActiveCfg = Debug|Any CPU
		{4A229EBD-126B-488C-A299-5C98F1BABC54}.Debug|Any CPU.Build.0 = Debug|Any CPU
		{4A229EBD-126B-488C-A299-5C98F1BABC54}.Release|Any CPU.ActiveCfg = Release|Any CPU
		{4A229EBD-126B-488C-A299-5C98F1BABC54}.Release|Any CPU.Build.0 = Release|Any CPU
		{1C08C92A-81A4-4F18-967C-C90BFC66F675}.Debug|Any CPU.ActiveCfg = Debug|Any CPU
		{1C08C92A-81A4-4F18-967C-C90BFC66F675}.Debug|Any CPU.Build.0 = Debug|Any CPU
		{1C08C92A-81A4-4F18-967C-C90BFC66F675}.Release|Any CPU.ActiveCfg = Release|Any CPU
		{1C08C92A-81A4-4F18-967C-C90BFC66F675}.Release|Any CPU.Build.0 = Release|Any CPU
		{45987AF3-4B17-4F9A-BC00-4CBF02276AF3}.Debug|Any CPU.ActiveCfg = Debug|Any CPU
		{45987AF3-4B17-4F9A-BC00-4CBF02276AF3}.Debug|Any CPU.Build.0 = Debug|Any CPU
		{45987AF3-4B17-4F9A-BC00-4CBF02276AF3}.Release|Any CPU.ActiveCfg = Release|Any CPU
		{45987AF3-4B17-4F9A-BC00-4CBF02276AF3}.Release|Any CPU.Build.0 = Release|Any CPU
		{D6010F59-E3A0-4FA2-A683-87CE1B5FA106}.Debug|Any CPU.ActiveCfg = Debug|Any CPU
		{D6010F59-E3A0-4FA2-A683-87CE1B5FA106}.Debug|Any CPU.Build.0 = Debug|Any CPU
		{D6010F59-E3A0-4FA2-A683-87CE1B5FA106}.Release|Any CPU.ActiveCfg = Release|Any CPU
		{D6010F59-E3A0-4FA2-A683-87CE1B5FA106}.Release|Any CPU.Build.0 = Release|Any CPU
		{575084A4-2A17-4037-994C-6D2296D011F7}.Debug|Any CPU.ActiveCfg = Debug|Any CPU
		{575084A4-2A17-4037-994C-6D2296D011F7}.Debug|Any CPU.Build.0 = Debug|Any CPU
		{575084A4-2A17-4037-994C-6D2296D011F7}.Release|Any CPU.ActiveCfg = Release|Any CPU
		{575084A4-2A17-4037-994C-6D2296D011F7}.Release|Any CPU.Build.0 = Release|Any CPU
		{6AA7ADF4-096A-407D-9CD0-3C72C663CB9C}.Debug|Any CPU.ActiveCfg = Debug|Any CPU
		{6AA7ADF4-096A-407D-9CD0-3C72C663CB9C}.Debug|Any CPU.Build.0 = Debug|Any CPU
		{6AA7ADF4-096A-407D-9CD0-3C72C663CB9C}.Release|Any CPU.ActiveCfg = Release|Any CPU
		{6AA7ADF4-096A-407D-9CD0-3C72C663CB9C}.Release|Any CPU.Build.0 = Release|Any CPU
		{2F50248B-CB9C-44C7-B430-6D23C8FBBF12}.Debug|Any CPU.ActiveCfg = Debug|Any CPU
		{2F50248B-CB9C-44C7-B430-6D23C8FBBF12}.Debug|Any CPU.Build.0 = Debug|Any CPU
		{2F50248B-CB9C-44C7-B430-6D23C8FBBF12}.Release|Any CPU.ActiveCfg = Release|Any CPU
		{2F50248B-CB9C-44C7-B430-6D23C8FBBF12}.Release|Any CPU.Build.0 = Release|Any CPU
		{6D86E28F-6E97-46C0-BD86-16F30B70BF85}.Debug|Any CPU.ActiveCfg = Debug|Any CPU
		{6D86E28F-6E97-46C0-BD86-16F30B70BF85}.Debug|Any CPU.Build.0 = Debug|Any CPU
		{6D86E28F-6E97-46C0-BD86-16F30B70BF85}.Release|Any CPU.ActiveCfg = Release|Any CPU
		{6D86E28F-6E97-46C0-BD86-16F30B70BF85}.Release|Any CPU.Build.0 = Release|Any CPU
		{3677FF40-F775-4C00-BCCF-2E9DE3FF1E3F}.Debug|Any CPU.ActiveCfg = Debug|Any CPU
		{3677FF40-F775-4C00-BCCF-2E9DE3FF1E3F}.Debug|Any CPU.Build.0 = Debug|Any CPU
		{3677FF40-F775-4C00-BCCF-2E9DE3FF1E3F}.Release|Any CPU.ActiveCfg = Release|Any CPU
		{3677FF40-F775-4C00-BCCF-2E9DE3FF1E3F}.Release|Any CPU.Build.0 = Release|Any CPU
	EndGlobalSection
	GlobalSection(SolutionProperties) = preSolution
		HideSolutionNode = FALSE
	EndGlobalSection
	GlobalSection(NestedProjects) = preSolution
		{0BFBF057-BE00-4508-B803-E7584730C1CB} = {CFB63BCC-2591-4CF6-B720-80AFD118549B}
		{8D9E6F10-4E4A-44ED-8C00-57F3C9C767EA} = {C70DA97E-9309-4890-B42B-32CE5037E179}
		{3C049C87-3BF2-4810-A8A1-1F4F151A0862} = {92163CFE-91ED-4A4E-A100-F3F57102E071}
		{0F1A0824-E79A-4DE3-B1ED-910595B5B3DB} = {92163CFE-91ED-4A4E-A100-F3F57102E071}
		{39268CE3-821A-4B5A-8E5E-96604E327652} = {92163CFE-91ED-4A4E-A100-F3F57102E071}
		{D9378FEA-6170-4542-BC61-5D26B59AE358} = {38F9F8B8-9D92-4670-83A5-257036AF72F0}
		{F8051827-DEA8-4E26-A505-08CF0EC1A234} = {38F9F8B8-9D92-4670-83A5-257036AF72F0}
		{57C76ADC-67F1-4DB3-92E3-B5C15547E771} = {38F9F8B8-9D92-4670-83A5-257036AF72F0}
		{2F72D243-734B-43D1-A28F-7AC99A81EA37} = {C6948426-52F5-4B7D-9EF1-6C58B01F6082}
		{C2B88F2A-C71B-4AB8-A336-E5F8A19F6F40} = {C6948426-52F5-4B7D-9EF1-6C58B01F6082}
		{FD70ED80-8706-4A5C-9276-2A526497964D} = {C6948426-52F5-4B7D-9EF1-6C58B01F6082}
		{4A229EBD-126B-488C-A299-5C98F1BABC54} = {9AD59010-8966-4B05-B144-7F71909026D3}
		{1C08C92A-81A4-4F18-967C-C90BFC66F675} = {9AD59010-8966-4B05-B144-7F71909026D3}
		{45987AF3-4B17-4F9A-BC00-4CBF02276AF3} = {9AD59010-8966-4B05-B144-7F71909026D3}
		{D6010F59-E3A0-4FA2-A683-87CE1B5FA106} = {904226A1-EE9B-4854-B527-3EF79FB55FA7}
		{575084A4-2A17-4037-994C-6D2296D011F7} = {904226A1-EE9B-4854-B527-3EF79FB55FA7}
		{6AA7ADF4-096A-407D-9CD0-3C72C663CB9C} = {904226A1-EE9B-4854-B527-3EF79FB55FA7}
		{2F50248B-CB9C-44C7-B430-6D23C8FBBF12} = {90A08293-0222-4865-84F7-719BB42AB657}
		{6D86E28F-6E97-46C0-BD86-16F30B70BF85} = {90A08293-0222-4865-84F7-719BB42AB657}
		{3677FF40-F775-4C00-BCCF-2E9DE3FF1E3F} = {90A08293-0222-4865-84F7-719BB42AB657}
	EndGlobalSection
	GlobalSection(ExtensibilityGlobals) = postSolution
		SolutionGuid = {23A470A2-04A2-4273-BE7D-E2F92343A8A1}
	EndGlobalSection
EndGlobal
