
Microsoft Visual Studio Solution File, Format Version 12.00
# Visual Studio Version 16
VisualStudioVersion = 16.0.33927.289
MinimumVisualStudioVersion = 10.0.40219.1
Project("{2150E333-8FDC-42A3-9474-1A3956D46DE8}") = "Task0", "Task0", "{CFB63BCC-2591-4CF6-B720-80AFD118549B}"
EndProject
Project("{FAE04EC0-301F-11D3-BF4B-00C04F79EFBC}") = "Tyuiu.LomakinVI.Sprint0.Task0.V0", "Tyuiu.LomakinVI.Sprint0.Task0.V0\Tyuiu.LomakinVI.Sprint0.Task0.V0.csproj", "{0BFBF057-BE00-4508-B803-E7584730C1CB}"
EndProject
Global
	GlobalSection(SolutionConfigurationPlatforms) = preSolution
		Debug|Any CPU = Debug|Any CPU
		Release|Any CPU = Release|Any CPU
	EndGlobalSection
	GlobalSection(ProjectConfigurationPlatforms) = postSolution
		{0BFBF057-BE00-4508-B803-E7584730C1CB}.Debug|Any CPU.ActiveCfg = Debug|Any CPU
		{0BFBF057-BE00-4508-B803-E7584730C1CB}.Debug|Any CPU.Build.0 = Debug|Any CPU
		{0BFBF057-BE00-4508-B803-E7584730C1CB}.Release|Any CPU.ActiveCfg = Release|Any CPU
		{0BFBF057-BE00-4508-B803-E7584730C1CB}.Release|Any CPU.Build.0 = Release|Any CPU
	EndGlobalSection
	GlobalSection(SolutionProperties) = preSolution
		HideSolutionNode = FALSE
	EndGlobalSection
	GlobalSection(NestedProjects) = preSolution
		{0BFBF057-BE00-4508-B803-E7584730C1CB} = {CFB63BCC-2591-4CF6-B720-80AFD118549B}
	EndGlobalSection
	GlobalSection(ExtensibilityGlobals) = postSolution
		SolutionGuid = {23A470A2-04A2-4273-BE7D-E2F92343A8A1}
	EndGlobalSection
EndGlobal
